<?xml version="1.0" encoding="utf-8"?>
<Project ToolsVersion="4.0" xmlns="http://schemas.microsoft.com/developer/msbuild/2003">
  <ItemGroup>
    <Filter Include="Source Files">
      <UniqueIdentifier>{4FC737F1-C7A5-4376-A066-2A32D752A2FF}</UniqueIdentifier>
      <Extensions>cpp;c;cc;cxx;def;odl;idl;hpj;bat;asm;asmx</Extensions>
    </Filter>
    <Filter Include="Header Files">
      <UniqueIdentifier>{93995380-89BD-4b04-88EB-625FBE52EBFB}</UniqueIdentifier>
      <Extensions>h;hh;hpp;hxx;hm;inl;inc;xsd</Extensions>
    </Filter>
    <Filter Include="Resource Files">
      <UniqueIdentifier>{67DA6AB6-F800-4c08-8B7A-83BB121AAD01}</UniqueIdentifier>
      <Extensions>rc;ico;cur;bmp;dlg;rc2;rct;bin;rgs;gif;jpg;jpeg;jpe;resx;tiff;tif;png;wav;mfcribbon-ms</Extensions>
    </Filter>
  </ItemGroup>
  <ItemGroup>
    <ClInclude Include="StreamManager.h">
      <Filter>Header Files</Filter>
    </ClInclude>
    <ClInclude Include="Stream.h">
      <Filter>Header Files</Filter>
    </ClInclude>
    <ClInclude Include="StreamPool.h">
      <Filter>Header Files</Filter>
    </ClInclude>
    <ClInclude Include="IOwrapper.h">
      <Filter>Header Files</Filter>
    </ClInclude>
    <ClInclude Include="VortexC.h">
      <Filter>Header Files</Filter>
    </ClInclude>
    <ClInclude Include="VortexS.h">
      <Filter>Header Files</Filter>
    </ClInclude>
    <ClInclude Include="IntervalTree.h">
      <Filter>Header Files</Filter>
    </ClInclude>
    <ClInclude Include="VortexSort.h">
      <Filter>Header Files</Filter>
    </ClInclude>
    <ClInclude Include="Benchmarks.h">
      <Filter>Header Files</Filter>
    </ClInclude>
    <ClInclude Include="SortingNetwork64.h">
      <Filter>Header Files</Filter>
    </ClInclude>
    <ClInclude Include="common.h">
      <Filter>Header Files</Filter>
    </ClInclude>
    <ClInclude Include="cpuid_custom.h">
      <Filter>Header Files</Filter>
    </ClInclude>
    <ClInclude Include="SpeedReporter.h">
      <Filter>Header Files</Filter>
    </ClInclude>
    <ClInclude Include="stdafx.h">
      <Filter>Header Files</Filter>
    </ClInclude>
    <ClInclude Include="SystemFunctions.h">
      <Filter>Header Files</Filter>
    </ClInclude>
  </ItemGroup>
  <ItemGroup>
    <ClCompile Include="StreamManager.cpp">
      <Filter>Source Files</Filter>
    </ClCompile>
    <ClCompile Include="Main.cpp">
      <Filter>Source Files</Filter>
    </ClCompile>
    <ClCompile Include="IOWrapper.cpp">
      <Filter>Source Files</Filter>
    </ClCompile>
    <ClCompile Include="VortexC.cpp">
      <Filter>Source Files</Filter>
    </ClCompile>
    <ClCompile Include="VortexS.cpp">
      <Filter>Source Files</Filter>
    </ClCompile>
    <ClCompile Include="StreamPool.cpp">
      <Filter>Source Files</Filter>
    </ClCompile>
    <ClCompile Include="IntervalTree.cpp">
      <Filter>Source Files</Filter>
    </ClCompile>
    <ClCompile Include="Benchmarks.cpp">
      <Filter>Source Files</Filter>
    </ClCompile>
    <ClCompile Include="VortexSort.cpp">
      <Filter>Source Files</Filter>
    </ClCompile>
    <ClCompile Include="SortingNetwork64.cpp">
      <Filter>Source Files</Filter>
    </ClCompile>
    <ClCompile Include="cpuid_custom.cpp">
      <Filter>Source Files</Filter>
    </ClCompile>
    <ClCompile Include="SpeedReporter.cpp">
      <Filter>Source Files</Filter>
    </ClCompile>
    <ClCompile Include="SystemFunctions.cpp">
      <Filter>Source Files</Filter>
    </ClCompile>
  </ItemGroup>
</Project>